// !$*UTF8*$!
{
	archiveVersion = 1;
	classes = {
	};
	objectVersion = 51;
	objects = {

/* Begin PBXBuildFile section */
		06F2185E480464521F1151ED /* Pods_KoreanTimeBlocker.framework in Frameworks */ = {isa = PBXBuildFile; fileRef = 5CA1F7A62DA2E44965F5310C /* Pods_KoreanTimeBlocker.framework */; };
		7E92C06D243B65D200648FAF /* AppDelegate.swift in Sources */ = {isa = PBXBuildFile; fileRef = 7E92C06C243B65D200648FAF /* AppDelegate.swift */; };
		7E92C06F243B65D200648FAF /* SceneDelegate.swift in Sources */ = {isa = PBXBuildFile; fileRef = 7E92C06E243B65D200648FAF /* SceneDelegate.swift */; };
		7E92C071243B65D200648FAF /* ViewController.swift in Sources */ = {isa = PBXBuildFile; fileRef = 7E92C070243B65D200648FAF /* ViewController.swift */; };
		7E92C074243B65D200648FAF /* Main.storyboard in Resources */ = {isa = PBXBuildFile; fileRef = 7E92C072243B65D200648FAF /* Main.storyboard */; };
		7E92C076243B65D700648FAF /* Assets.xcassets in Resources */ = {isa = PBXBuildFile; fileRef = 7E92C075243B65D700648FAF /* Assets.xcassets */; };
		7E92C079243B65D800648FAF /* LaunchScreen.storyboard in Resources */ = {isa = PBXBuildFile; fileRef = 7E92C077243B65D800648FAF /* LaunchScreen.storyboard */; };
		7E9E1BA02448C52C001937D8 /* AlarmSettingViewController.swift in Sources */ = {isa = PBXBuildFile; fileRef = 7E9E1B9F2448C52C001937D8 /* AlarmSettingViewController.swift */; };
		7E9E1BA2244B4B10001937D8 /* Alarm.swift in Sources */ = {isa = PBXBuildFile; fileRef = 7E9E1BA1244B4B10001937D8 /* Alarm.swift */; };
/* End PBXBuildFile section */

/* Begin PBXFileReference section */
		5CA1F7A62DA2E44965F5310C /* Pods_KoreanTimeBlocker.framework */ = {isa = PBXFileReference; explicitFileType = wrapper.framework; includeInIndex = 0; path = Pods_KoreanTimeBlocker.framework; sourceTree = BUILT_PRODUCTS_DIR; };
		7E92C069243B65D200648FAF /* KoreanTimeBlocker.app */ = {isa = PBXFileReference; explicitFileType = wrapper.application; includeInIndex = 0; path = KoreanTimeBlocker.app; sourceTree = BUILT_PRODUCTS_DIR; };
		7E92C06C243B65D200648FAF /* AppDelegate.swift */ = {isa = PBXFileReference; lastKnownFileType = sourcecode.swift; path = AppDelegate.swift; sourceTree = "<group>"; };
		7E92C06E243B65D200648FAF /* SceneDelegate.swift */ = {isa = PBXFileReference; lastKnownFileType = sourcecode.swift; path = SceneDelegate.swift; sourceTree = "<group>"; };
		7E92C070243B65D200648FAF /* ViewController.swift */ = {isa = PBXFileReference; lastKnownFileType = sourcecode.swift; path = ViewController.swift; sourceTree = "<group>"; };
		7E92C073243B65D200648FAF /* Base */ = {isa = PBXFileReference; lastKnownFileType = file.storyboard; name = Base; path = Base.lproj/Main.storyboard; sourceTree = "<group>"; };
		7E92C075243B65D700648FAF /* Assets.xcassets */ = {isa = PBXFileReference; lastKnownFileType = folder.assetcatalog; path = Assets.xcassets; sourceTree = "<group>"; };
		7E92C078243B65D800648FAF /* Base */ = {isa = PBXFileReference; lastKnownFileType = file.storyboard; name = Base; path = Base.lproj/LaunchScreen.storyboard; sourceTree = "<group>"; };
		7E92C07A243B65D800648FAF /* Info.plist */ = {isa = PBXFileReference; lastKnownFileType = text.plist.xml; path = Info.plist; sourceTree = "<group>"; };
		7E9E1B9F2448C52C001937D8 /* AlarmSettingViewController.swift */ = {isa = PBXFileReference; lastKnownFileType = sourcecode.swift; path = AlarmSettingViewController.swift; sourceTree = "<group>"; };
		7E9E1BA1244B4B10001937D8 /* Alarm.swift */ = {isa = PBXFileReference; lastKnownFileType = sourcecode.swift; path = Alarm.swift; sourceTree = "<group>"; };
		82C3E744801BB4D143EC0C0E /* Pods-KoreanTimeBlocker.debug.xcconfig */ = {isa = PBXFileReference; includeInIndex = 1; lastKnownFileType = text.xcconfig; name = "Pods-KoreanTimeBlocker.debug.xcconfig"; path = "Target Support Files/Pods-KoreanTimeBlocker/Pods-KoreanTimeBlocker.debug.xcconfig"; sourceTree = "<group>"; };
		C33D125562D7A6EB4FB522B7 /* Pods-KoreanTimeBlocker.release.xcconfig */ = {isa = PBXFileReference; includeInIndex = 1; lastKnownFileType = text.xcconfig; name = "Pods-KoreanTimeBlocker.release.xcconfig"; path = "Target Support Files/Pods-KoreanTimeBlocker/Pods-KoreanTimeBlocker.release.xcconfig"; sourceTree = "<group>"; };
/* End PBXFileReference section */

/* Begin PBXFrameworksBuildPhase section */
		7E92C066243B65D200648FAF /* Frameworks */ = {
			isa = PBXFrameworksBuildPhase;
			buildActionMask = 2147483647;
			files = (
				06F2185E480464521F1151ED /* Pods_KoreanTimeBlocker.framework in Frameworks */,
			);
			runOnlyForDeploymentPostprocessing = 0;
		};
/* End PBXFrameworksBuildPhase section */

/* Begin PBXGroup section */
		7E92C060243B65D200648FAF = {
			isa = PBXGroup;
			children = (
				7E92C06B243B65D200648FAF /* KoreanTimeBlocker */,
				7E92C06A243B65D200648FAF /* Products */,
				F1E1002867227BCFABB3C94A /* Pods */,
				D874FA356E00B575806E6449 /* Frameworks */,
			);
			sourceTree = "<group>";
		};
		7E92C06A243B65D200648FAF /* Products */ = {
			isa = PBXGroup;
			children = (
				7E92C069243B65D200648FAF /* KoreanTimeBlocker.app */,
			);
			name = Products;
			sourceTree = "<group>";
		};
		7E92C06B243B65D200648FAF /* KoreanTimeBlocker */ = {
			isa = PBXGroup;
			children = (
				7E92C06C243B65D200648FAF /* AppDelegate.swift */,
				7E92C06E243B65D200648FAF /* SceneDelegate.swift */,
				7E92C070243B65D200648FAF /* ViewController.swift */,
				7E9E1B9F2448C52C001937D8 /* AlarmSettingViewController.swift */,
				7E9E1BA1244B4B10001937D8 /* Alarm.swift */,
				7E92C072243B65D200648FAF /* Main.storyboard */,
				7E92C075243B65D700648FAF /* Assets.xcassets */,
				7E92C077243B65D800648FAF /* LaunchScreen.storyboard */,
				7E92C07A243B65D800648FAF /* Info.plist */,
			);
			path = KoreanTimeBlocker;
			sourceTree = "<group>";
		};
		D874FA356E00B575806E6449 /* Frameworks */ = {
			isa = PBXGroup;
			children = (
				5CA1F7A62DA2E44965F5310C /* Pods_KoreanTimeBlocker.framework */,
			);
			name = Frameworks;
			sourceTree = "<group>";
		};
		F1E1002867227BCFABB3C94A /* Pods */ = {
			isa = PBXGroup;
			children = (
				82C3E744801BB4D143EC0C0E /* Pods-KoreanTimeBlocker.debug.xcconfig */,
				C33D125562D7A6EB4FB522B7 /* Pods-KoreanTimeBlocker.release.xcconfig */,
			);
			path = Pods;
			sourceTree = "<group>";
		};
/* End PBXGroup section */

/* Begin PBXNativeTarget section */
		7E92C068243B65D200648FAF /* KoreanTimeBlocker */ = {
			isa = PBXNativeTarget;
			buildConfigurationList = 7E92C07D243B65D800648FAF /* Build configuration list for PBXNativeTarget "KoreanTimeBlocker" */;
			buildPhases = (
				5546B84468E44F6A28708C40 /* [CP] Check Pods Manifest.lock */,
				7E92C065243B65D200648FAF /* Sources */,
				7E92C066243B65D200648FAF /* Frameworks */,
				7E92C067243B65D200648FAF /* Resources */,
				ACED236CD5E4EEC4383273F0 /* [CP] Copy Pods Resources */,
			);
			buildRules = (
			);
			dependencies = (
			);
			name = KoreanTimeBlocker;
			productName = KoreanTimeBlocker;
			productReference = 7E92C069243B65D200648FAF /* KoreanTimeBlocker.app */;
			productType = "com.apple.product-type.application";
		};
/* End PBXNativeTarget section */

/* Begin PBXProject section */
		7E92C061243B65D200648FAF /* Project object */ = {
			isa = PBXProject;
			attributes = {
				LastSwiftUpdateCheck = 1120;
				LastUpgradeCheck = 1120;
				ORGANIZATIONNAME = "송용규";
				TargetAttributes = {
					7E92C068243B65D200648FAF = {
						CreatedOnToolsVersion = 11.2.1;
					};
				};
			};
			buildConfigurationList = 7E92C064243B65D200648FAF /* Build configuration list for PBXProject "KoreanTimeBlocker" */;
			compatibilityVersion = "Xcode 9.3";
			developmentRegion = en;
			hasScannedForEncodings = 0;
			knownRegions = (
				en,
				Base,
			);
			mainGroup = 7E92C060243B65D200648FAF;
			productRefGroup = 7E92C06A243B65D200648FAF /* Products */;
			projectDirPath = "";
			projectRoot = "";
			targets = (
				7E92C068243B65D200648FAF /* KoreanTimeBlocker */,
			);
		};
/* End PBXProject section */

/* Begin PBXResourcesBuildPhase section */
		7E92C067243B65D200648FAF /* Resources */ = {
			isa = PBXResourcesBuildPhase;
			buildActionMask = 2147483647;
			files = (
				7E92C079243B65D800648FAF /* LaunchScreen.storyboard in Resources */,
				7E92C076243B65D700648FAF /* Assets.xcassets in Resources */,
				7E92C074243B65D200648FAF /* Main.storyboard in Resources */,
			);
			runOnlyForDeploymentPostprocessing = 0;
		};
/* End PBXResourcesBuildPhase section */

/* Begin PBXShellScriptBuildPhase section */
		5546B84468E44F6A28708C40 /* [CP] Check Pods Manifest.lock */ = {
			isa = PBXShellScriptBuildPhase;
			buildActionMask = 2147483647;
			files = (
			);
			inputFileListPaths = (
			);
			inputPaths = (
				"${PODS_PODFILE_DIR_PATH}/Podfile.lock",
				"${PODS_ROOT}/Manifest.lock",
			);
			name = "[CP] Check Pods Manifest.lock";
			outputFileListPaths = (
			);
			outputPaths = (
				"$(DERIVED_FILE_DIR)/Pods-KoreanTimeBlocker-checkManifestLockResult.txt",
			);
			runOnlyForDeploymentPostprocessing = 0;
			shellPath = /bin/sh;
			shellScript = "diff \"${PODS_PODFILE_DIR_PATH}/Podfile.lock\" \"${PODS_ROOT}/Manifest.lock\" > /dev/null\nif [ $? != 0 ] ; then\n    # print error to STDERR\n    echo \"error: The sandbox is not in sync with the Podfile.lock. Run 'pod install' or update your CocoaPods installation.\" >&2\n    exit 1\nfi\n# This output is used by Xcode 'outputs' to avoid re-running this script phase.\necho \"SUCCESS\" > \"${SCRIPT_OUTPUT_FILE_0}\"\n";
			showEnvVarsInLog = 0;
		};
		ACED236CD5E4EEC4383273F0 /* [CP] Copy Pods Resources */ = {
			isa = PBXShellScriptBuildPhase;
			buildActionMask = 2147483647;
			files = (
			);
			inputFileListPaths = (
				"${PODS_ROOT}/Target Support Files/Pods-KoreanTimeBlocker/Pods-KoreanTimeBlocker-resources-${CONFIGURATION}-input-files.xcfilelist",
			);
			name = "[CP] Copy Pods Resources";
			outputFileListPaths = (
				"${PODS_ROOT}/Target Support Files/Pods-KoreanTimeBlocker/Pods-KoreanTimeBlocker-resources-${CONFIGURATION}-output-files.xcfilelist",
			);
			runOnlyForDeploymentPostprocessing = 0;
			shellPath = /bin/sh;
			shellScript = "\"${PODS_ROOT}/Target Support Files/Pods-KoreanTimeBlocker/Pods-KoreanTimeBlocker-resources.sh\"\n";
			showEnvVarsInLog = 0;
		};
/* End PBXShellScriptBuildPhase section */

/* Begin PBXSourcesBuildPhase section */
		7E92C065243B65D200648FAF /* Sources */ = {
			isa = PBXSourcesBuildPhase;
			buildActionMask = 2147483647;
			files = (
				7E92C071243B65D200648FAF /* ViewController.swift in Sources */,
				7E92C06D243B65D200648FAF /* AppDelegate.swift in Sources */,
				7E9E1BA2244B4B10001937D8 /* Alarm.swift in Sources */,
				7E9E1BA02448C52C001937D8 /* AlarmSettingViewController.swift in Sources */,
				7E92C06F243B65D200648FAF /* SceneDelegate.swift in Sources */,
			);
			runOnlyForDeploymentPostprocessing = 0;
		};
/* End PBXSourcesBuildPhase section */

/* Begin PBXVariantGroup section */
		7E92C072243B65D200648FAF /* Main.storyboard */ = {
			isa = PBXVariantGroup;
			children = (
				7E92C073243B65D200648FAF /* Base */,
			);
			name = Main.storyboard;
			sourceTree = "<group>";
		};
		7E92C077243B65D800648FAF /* LaunchScreen.storyboard */ = {
			isa = PBXVariantGroup;
			children = (
				7E92C078243B65D800648FAF /* Base */,
			);
			name = LaunchScreen.storyboard;
			sourceTree = "<group>";
		};
/* End PBXVariantGroup section */

/* Begin XCBuildConfiguration section */
		7E92C07B243B65D800648FAF /* Debug */ = {
			isa = XCBuildConfiguration;
			buildSettings = {
				ALWAYS_SEARCH_USER_PATHS = NO;
				CLANG_ANALYZER_NONNULL = YES;
				CLANG_ANALYZER_NUMBER_OBJECT_CONVERSION = YES_AGGRESSIVE;
				CLANG_CXX_LANGUAGE_STANDARD = "gnu++14";
				CLANG_CXX_LIBRARY = "libc++";
				CLANG_ENABLE_MODULES = YES;
				CLANG_ENABLE_OBJC_ARC = YES;
				CLANG_ENABLE_OBJC_WEAK = YES;
				CLANG_WARN_BLOCK_CAPTURE_AUTORELEASING = YES;
				CLANG_WARN_BOOL_CONVERSION = YES;
				CLANG_WARN_COMMA = YES;
				CLANG_WARN_CONSTANT_CONVERSION = YES;
				CLANG_WARN_DEPRECATED_OBJC_IMPLEMENTATIONS = YES;
				CLANG_WARN_DIRECT_OBJC_ISA_USAGE = YES_ERROR;
				CLANG_WARN_DOCUMENTATION_COMMENTS = YES;
				CLANG_WARN_EMPTY_BODY = YES;
				CLANG_WARN_ENUM_CONVERSION = YES;
				CLANG_WARN_INFINITE_RECURSION = YES;
				CLANG_WARN_INT_CONVERSION = YES;
				CLANG_WARN_NON_LITERAL_NULL_CONVERSION = YES;
				CLANG_WARN_OBJC_IMPLICIT_RETAIN_SELF = YES;
				CLANG_WARN_OBJC_LITERAL_CONVERSION = YES;
				CLANG_WARN_OBJC_ROOT_CLASS = YES_ERROR;
				CLANG_WARN_RANGE_LOOP_ANALYSIS = YES;
				CLANG_WARN_STRICT_PROTOTYPES = YES;
				CLANG_WARN_SUSPICIOUS_MOVE = YES;
				CLANG_WARN_UNGUARDED_AVAILABILITY = YES_AGGRESSIVE;
				CLANG_WARN_UNREACHABLE_CODE = YES;
				CLANG_WARN__DUPLICATE_METHOD_MATCH = YES;
				COPY_PHASE_STRIP = NO;
				DEBUG_INFORMATION_FORMAT = dwarf;
				ENABLE_STRICT_OBJC_MSGSEND = YES;
				ENABLE_TESTABILITY = YES;
				GCC_C_LANGUAGE_STANDARD = gnu11;
				GCC_DYNAMIC_NO_PIC = NO;
				GCC_NO_COMMON_BLOCKS = YES;
				GCC_OPTIMIZATION_LEVEL = 0;
				GCC_PREPROCESSOR_DEFINITIONS = (
					"DEBUG=1",
					"$(inherited)",
				);
				GCC_WARN_64_TO_32_BIT_CONVERSION = YES;
				GCC_WARN_ABOUT_RETURN_TYPE = YES_ERROR;
				GCC_WARN_UNDECLARED_SELECTOR = YES;
				GCC_WARN_UNINITIALIZED_AUTOS = YES_AGGRESSIVE;
				GCC_WARN_UNUSED_FUNCTION = YES;
				GCC_WARN_UNUSED_VARIABLE = YES;
				IPHONEOS_DEPLOYMENT_TARGET = 13.2;
				MTL_ENABLE_DEBUG_INFO = INCLUDE_SOURCE;
				MTL_FAST_MATH = YES;
				ONLY_ACTIVE_ARCH = YES;
				SDKROOT = iphoneos;
				SWIFT_ACTIVE_COMPILATION_CONDITIONS = DEBUG;
				SWIFT_OPTIMIZATION_LEVEL = "-Onone";
			};
			name = Debug;
		};
		7E92C07C243B65D800648FAF /* Release */ = {
			isa = XCBuildConfiguration;
			buildSettings = {
				ALWAYS_SEARCH_USER_PATHS = NO;
				CLANG_ANALYZER_NONNULL = YES;
				CLANG_ANALYZER_NUMBER_OBJECT_CONVERSION = YES_AGGRESSIVE;
				CLANG_CXX_LANGUAGE_STANDARD = "gnu++14";
				CLANG_CXX_LIBRARY = "libc++";
				CLANG_ENABLE_MODULES = YES;
				CLANG_ENABLE_OBJC_ARC = YES;
				CLANG_ENABLE_OBJC_WEAK = YES;
				CLANG_WARN_BLOCK_CAPTURE_AUTORELEASING = YES;
				CLANG_WARN_BOOL_CONVERSION = YES;
				CLANG_WARN_COMMA = YES;
				CLANG_WARN_CONSTANT_CONVERSION = YES;
				CLANG_WARN_DEPRECATED_OBJC_IMPLEMENTATIONS = YES;
				CLANG_WARN_DIRECT_OBJC_ISA_USAGE = YES_ERROR;
				CLANG_WARN_DOCUMENTATION_COMMENTS = YES;
				CLANG_WARN_EMPTY_BODY = YES;
				CLANG_WARN_ENUM_CONVERSION = YES;
				CLANG_WARN_INFINITE_RECURSION = YES;
				CLANG_WARN_INT_CONVERSION = YES;
				CLANG_WARN_NON_LITERAL_NULL_CONVERSION = YES;
				CLANG_WARN_OBJC_IMPLICIT_RETAIN_SELF = YES;
				CLANG_WARN_OBJC_LITERAL_CONVERSION = YES;
				CLANG_WARN_OBJC_ROOT_CLASS = YES_ERROR;
				CLANG_WARN_RANGE_LOOP_ANALYSIS = YES;
				CLANG_WARN_STRICT_PROTOTYPES = YES;
				CLANG_WARN_SUSPICIOUS_MOVE = YES;
				CLANG_WARN_UNGUARDED_AVAILABILITY = YES_AGGRESSIVE;
				CLANG_WARN_UNREACHABLE_CODE = YES;
				CLANG_WARN__DUPLICATE_METHOD_MATCH = YES;
				COPY_PHASE_STRIP = NO;
				DEBUG_INFORMATION_FORMAT = "dwarf-with-dsym";
				ENABLE_NS_ASSERTIONS = NO;
				ENABLE_STRICT_OBJC_MSGSEND = YES;
				GCC_C_LANGUAGE_STANDARD = gnu11;
				GCC_NO_COMMON_BLOCKS = YES;
				GCC_WARN_64_TO_32_BIT_CONVERSION = YES;
				GCC_WARN_ABOUT_RETURN_TYPE = YES_ERROR;
				GCC_WARN_UNDECLARED_SELECTOR = YES;
				GCC_WARN_UNINITIALIZED_AUTOS = YES_AGGRESSIVE;
				GCC_WARN_UNUSED_FUNCTION = YES;
				GCC_WARN_UNUSED_VARIABLE = YES;
				IPHONEOS_DEPLOYMENT_TARGET = 13.2;
				MTL_ENABLE_DEBUG_INFO = NO;
				MTL_FAST_MATH = YES;
				SDKROOT = iphoneos;
				SWIFT_COMPILATION_MODE = wholemodule;
				SWIFT_OPTIMIZATION_LEVEL = "-O";
				VALIDATE_PRODUCT = YES;
			};
			name = Release;
		};
		7E92C07E243B65D800648FAF /* Debug */ = {
			isa = XCBuildConfiguration;
			baseConfigurationReference = 82C3E744801BB4D143EC0C0E /* Pods-KoreanTimeBlocker.debug.xcconfig */;
			buildSettings = {
				ASSETCATALOG_COMPILER_APPICON_NAME = AppIcon;
				CODE_SIGN_STYLE = Automatic;
				DEVELOPMENT_TEAM = UNKLP2U2NQ;
				INFOPLIST_FILE = KoreanTimeBlocker/Info.plist;
				IPHONEOS_DEPLOYMENT_TARGET = 12.0;
				LD_RUNPATH_SEARCH_PATHS = (
					"$(inherited)",
					"@executable_path/Frameworks",
				);
				PRODUCT_BUNDLE_IDENTIFIER = jp.co.tpsinc.iosstudy.3rd.KoreanTimeBlocker;
				PRODUCT_NAME = "$(TARGET_NAME)";
				SWIFT_VERSION = 5.0;
				TARGETED_DEVICE_FAMILY = "1,2";
			};
			name = Debug;
		};
		7E92C07F243B65D800648FAF /* Release */ = {
			isa = XCBuildConfiguration;
			baseConfigurationReference = C33D125562D7A6EB4FB522B7 /* Pods-KoreanTimeBlocker.release.xcconfig */;
			buildSettings = {
				ASSETCATALOG_COMPILER_APPICON_NAME = AppIcon;
				CODE_SIGN_STYLE = Automatic;
				DEVELOPMENT_TEAM = UNKLP2U2NQ;
				INFOPLIST_FILE = KoreanTimeBlocker/Info.plist;
				IPHONEOS_DEPLOYMENT_TARGET = 12.0;
				LD_RUNPATH_SEARCH_PATHS = (
					"$(inherited)",
					"@executable_path/Frameworks",
				);
				PRODUCT_BUNDLE_IDENTIFIER = jp.co.tpsinc.iosstudy.3rd.KoreanTimeBlocker;
				PRODUCT_NAME = "$(TARGET_NAME)";
				SWIFT_VERSION = 5.0;
				TARGETED_DEVICE_FAMILY = "1,2";
			};
			name = Release;
		};
/* End XCBuildConfiguration section */

/* Begin XCConfigurationList section */
		7E92C064243B65D200648FAF /* Build configuration list for PBXProject "KoreanTimeBlocker" */ = {
			isa = XCConfigurationList;
			buildConfigurations = (
				7E92C07B243B65D800648FAF /* Debug */,
				7E92C07C243B65D800648FAF /* Release */,
			);
			defaultConfigurationIsVisible = 0;
			defaultConfigurationName = Release;
		};
		7E92C07D243B65D800648FAF /* Build configuration list for PBXNativeTarget "KoreanTimeBlocker" */ = {
			isa = XCConfigurationList;
			buildConfigurations = (
				7E92C07E243B65D800648FAF /* Debug */,
				7E92C07F243B65D800648FAF /* Release */,
			);
			defaultConfigurationIsVisible = 0;
			defaultConfigurationName = Release;
		};
/* End XCConfigurationList section */
	};
	rootObject = 7E92C061243B65D200648FAF /* Project object */;
}
